// !$*UTF8*$!
{
	archiveVersion = 1;
	classes = {
	};
	objectVersion = 56;
	objects = {

/* Begin PBXBuildFile section */
		ED4FCE352A3613DB00440CCC /* FavoriteButton.swift in Sources */ = {isa = PBXBuildFile; fileRef = ED4FCE342A3613DB00440CCC /* FavoriteButton.swift */; };
		EDEA856F29A03EBA00115D21 /* LandmarksApp.swift in Sources */ = {isa = PBXBuildFile; fileRef = EDEA856E29A03EBA00115D21 /* LandmarksApp.swift */; };
		EDEA857129A03EBA00115D21 /* ContentView.swift in Sources */ = {isa = PBXBuildFile; fileRef = EDEA857029A03EBA00115D21 /* ContentView.swift */; };
		EDEA857329A03EBB00115D21 /* Assets.xcassets in Resources */ = {isa = PBXBuildFile; fileRef = EDEA857229A03EBB00115D21 /* Assets.xcassets */; };
		EDEA857629A03EBB00115D21 /* Preview Assets.xcassets in Resources */ = {isa = PBXBuildFile; fileRef = EDEA857529A03EBB00115D21 /* Preview Assets.xcassets */; };
		EDEA85B129A10E2E00115D21 /* landmarkData.json in Resources */ = {isa = PBXBuildFile; fileRef = EDEA85B029A10E2E00115D21 /* landmarkData.json */; };
		EDEA85B329A10E5600115D21 /* Landmark.swift in Sources */ = {isa = PBXBuildFile; fileRef = EDEA85B229A10E5600115D21 /* Landmark.swift */; };
		EDEA85B529A10F1F00115D21 /* ModelData.swift in Sources */ = {isa = PBXBuildFile; fileRef = EDEA85B429A10F1F00115D21 /* ModelData.swift */; };
		EDEA85B729A10FA300115D21 /* LandmarkRow.swift in Sources */ = {isa = PBXBuildFile; fileRef = EDEA85B629A10FA300115D21 /* LandmarkRow.swift */; };
		EDEA85B929A113E100115D21 /* LandmarkList.swift in Sources */ = {isa = PBXBuildFile; fileRef = EDEA85B829A113E100115D21 /* LandmarkList.swift */; };
		EDEA85BB29A1165900115D21 /* LandmarkDetail.swift in Sources */ = {isa = PBXBuildFile; fileRef = EDEA85BA29A1165900115D21 /* LandmarkDetail.swift */; };
		EDEA85BD29A1182300115D21 /* CircleImage.swift in Sources */ = {isa = PBXBuildFile; fileRef = EDEA85BC29A1182300115D21 /* CircleImage.swift */; };
		EDEA85BF29A118E300115D21 /* MapView.swift in Sources */ = {isa = PBXBuildFile; fileRef = EDEA85BE29A118E300115D21 /* MapView.swift */; };
/* End PBXBuildFile section */

/* Begin PBXFileReference section */
		ED4FCE342A3613DB00440CCC /* FavoriteButton.swift */ = {isa = PBXFileReference; lastKnownFileType = sourcecode.swift; path = FavoriteButton.swift; sourceTree = "<group>"; };
		EDEA856B29A03EBA00115D21 /* Landmarks.app */ = {isa = PBXFileReference; explicitFileType = wrapper.application; includeInIndex = 0; path = Landmarks.app; sourceTree = BUILT_PRODUCTS_DIR; };
		EDEA856E29A03EBA00115D21 /* LandmarksApp.swift */ = {isa = PBXFileReference; lastKnownFileType = sourcecode.swift; path = LandmarksApp.swift; sourceTree = "<group>"; };
		EDEA857029A03EBA00115D21 /* ContentView.swift */ = {isa = PBXFileReference; lastKnownFileType = sourcecode.swift; path = ContentView.swift; sourceTree = "<group>"; };
		EDEA857229A03EBB00115D21 /* Assets.xcassets */ = {isa = PBXFileReference; lastKnownFileType = folder.assetcatalog; path = Assets.xcassets; sourceTree = "<group>"; };
		EDEA857529A03EBB00115D21 /* Preview Assets.xcassets */ = {isa = PBXFileReference; lastKnownFileType = folder.assetcatalog; path = "Preview Assets.xcassets"; sourceTree = "<group>"; };
		EDEA85B029A10E2E00115D21 /* landmarkData.json */ = {isa = PBXFileReference; fileEncoding = 4; lastKnownFileType = text.json; path = landmarkData.json; sourceTree = "<group>"; };
		EDEA85B229A10E5600115D21 /* Landmark.swift */ = {isa = PBXFileReference; lastKnownFileType = sourcecode.swift; path = Landmark.swift; sourceTree = "<group>"; };
		EDEA85B429A10F1F00115D21 /* ModelData.swift */ = {isa = PBXFileReference; lastKnownFileType = sourcecode.swift; path = ModelData.swift; sourceTree = "<group>"; };
		EDEA85B629A10FA300115D21 /* LandmarkRow.swift */ = {isa = PBXFileReference; lastKnownFileType = sourcecode.swift; path = LandmarkRow.swift; sourceTree = "<group>"; };
		EDEA85B829A113E100115D21 /* LandmarkList.swift */ = {isa = PBXFileReference; lastKnownFileType = sourcecode.swift; path = LandmarkList.swift; sourceTree = "<group>"; };
		EDEA85BA29A1165900115D21 /* LandmarkDetail.swift */ = {isa = PBXFileReference; lastKnownFileType = sourcecode.swift; path = LandmarkDetail.swift; sourceTree = "<group>"; };
		EDEA85BC29A1182300115D21 /* CircleImage.swift */ = {isa = PBXFileReference; lastKnownFileType = sourcecode.swift; path = CircleImage.swift; sourceTree = "<group>"; };
		EDEA85BE29A118E300115D21 /* MapView.swift */ = {isa = PBXFileReference; lastKnownFileType = sourcecode.swift; path = MapView.swift; sourceTree = "<group>"; };
/* End PBXFileReference section */

/* Begin PBXFrameworksBuildPhase section */
		EDEA856829A03EBA00115D21 /* Frameworks */ = {
			isa = PBXFrameworksBuildPhase;
			buildActionMask = 2147483647;
			files = (
			);
			runOnlyForDeploymentPostprocessing = 0;
		};
/* End PBXFrameworksBuildPhase section */

/* Begin PBXGroup section */
		ED4FCE362A36170500440CCC /* Helpers */ = {
			isa = PBXGroup;
			children = (
				EDEA85BC29A1182300115D21 /* CircleImage.swift */,
				EDEA85BE29A118E300115D21 /* MapView.swift */,
				ED4FCE342A3613DB00440CCC /* FavoriteButton.swift */,
			);
			path = Helpers;
			sourceTree = "<group>";
		};
		ED4FCE372A36171700440CCC /* Landmarks */ = {
			isa = PBXGroup;
			children = (
				EDEA85B829A113E100115D21 /* LandmarkList.swift */,
				EDEA85B629A10FA300115D21 /* LandmarkRow.swift */,
				EDEA85BA29A1165900115D21 /* LandmarkDetail.swift */,
			);
			path = Landmarks;
			sourceTree = "<group>";
		};
		EDEA856229A03EB900115D21 = {
			isa = PBXGroup;
			children = (
				EDEA856D29A03EBA00115D21 /* Landmarks */,
				EDEA856C29A03EBA00115D21 /* Products */,
			);
			sourceTree = "<group>";
		};
		EDEA856C29A03EBA00115D21 /* Products */ = {
			isa = PBXGroup;
			children = (
				EDEA856B29A03EBA00115D21 /* Landmarks.app */,
			);
			name = Products;
			sourceTree = "<group>";
		};
		EDEA856D29A03EBA00115D21 /* Landmarks */ = {
			isa = PBXGroup;
			children = (
				EDEA856E29A03EBA00115D21 /* LandmarksApp.swift */,
				EDEA85C129A11B6F00115D21 /* Views */,
				EDEA85C229A11BCC00115D21 /* Model */,
				EDEA857229A03EBB00115D21 /* Assets.xcassets */,
				EDEA85C329A11BD700115D21 /* Resources */,
				EDEA857429A03EBB00115D21 /* Preview Content */,
			);
			path = Landmarks;
			sourceTree = "<group>";
		};
		EDEA857429A03EBB00115D21 /* Preview Content */ = {
			isa = PBXGroup;
			children = (
				EDEA857529A03EBB00115D21 /* Preview Assets.xcassets */,
			);
			path = "Preview Content";
			sourceTree = "<group>";
		};
		EDEA85C129A11B6F00115D21 /* Views */ = {
			isa = PBXGroup;
			children = (
				EDEA857029A03EBA00115D21 /* ContentView.swift */,
				ED4FCE372A36171700440CCC /* Landmarks */,
				ED4FCE362A36170500440CCC /* Helpers */,
			);
			path = Views;
			sourceTree = "<group>";
		};
		EDEA85C229A11BCC00115D21 /* Model */ = {
			isa = PBXGroup;
			children = (
				EDEA85B229A10E5600115D21 /* Landmark.swift */,
				EDEA85B429A10F1F00115D21 /* ModelData.swift */,
			);
			path = Model;
			sourceTree = "<group>";
		};
		EDEA85C329A11BD700115D21 /* Resources */ = {
			isa = PBXGroup;
			children = (
				EDEA85B029A10E2E00115D21 /* landmarkData.json */,
			);
			path = Resources;
			sourceTree = "<group>";
		};
/* End PBXGroup section */

/* Begin PBXNativeTarget section */
		EDEA856A29A03EBA00115D21 /* Landmarks */ = {
			isa = PBXNativeTarget;
			buildConfigurationList = EDEA857929A03EBB00115D21 /* Build configuration list for PBXNativeTarget "Landmarks" */;
			buildPhases = (
				EDEA856729A03EBA00115D21 /* Sources */,
				EDEA856829A03EBA00115D21 /* Frameworks */,
				EDEA856929A03EBA00115D21 /* Resources */,
			);
			buildRules = (
			);
			dependencies = (
			);
			name = Landmarks;
			productName = Landmarks;
			productReference = EDEA856B29A03EBA00115D21 /* Landmarks.app */;
			productType = "com.apple.product-type.application";
		};
/* End PBXNativeTarget section */

/* Begin PBXProject section */
		EDEA856329A03EB900115D21 /* Project object */ = {
			isa = PBXProject;
			attributes = {
				BuildIndependentTargetsInParallel = 1;
				LastSwiftUpdateCheck = 1420;
				LastUpgradeCheck = 1420;
				TargetAttributes = {
					EDEA856A29A03EBA00115D21 = {
						CreatedOnToolsVersion = 14.2;
					};
				};
			};
			buildConfigurationList = EDEA856629A03EB900115D21 /* Build configuration list for PBXProject "Landmarks" */;
			compatibilityVersion = "Xcode 14.0";
			developmentRegion = en;
			hasScannedForEncodings = 0;
			knownRegions = (
				en,
				Base,
			);
			mainGroup = EDEA856229A03EB900115D21;
			productRefGroup = EDEA856C29A03EBA00115D21 /* Products */;
			projectDirPath = "";
			projectRoot = "";
			targets = (
				EDEA856A29A03EBA00115D21 /* Landmarks */,
			);
		};
/* End PBXProject section */

/* Begin PBXResourcesBuildPhase section */
		EDEA856929A03EBA00115D21 /* Resources */ = {
			isa = PBXResourcesBuildPhase;
			buildActionMask = 2147483647;
			files = (
				EDEA857629A03EBB00115D21 /* Preview Assets.xcassets in Resources */,
				EDEA857329A03EBB00115D21 /* Assets.xcassets in Resources */,
				EDEA85B129A10E2E00115D21 /* landmarkData.json in Resources */,
			);
			runOnlyForDeploymentPostprocessing = 0;
		};
/* End PBXResourcesBuildPhase section */

/* Begin PBXSourcesBuildPhase section */
		EDEA856729A03EBA00115D21 /* Sources */ = {
			isa = PBXSourcesBuildPhase;
			buildActionMask = 2147483647;
			files = (
				EDEA857129A03EBA00115D21 /* ContentView.swift in Sources */,
				EDEA85BD29A1182300115D21 /* CircleImage.swift in Sources */,
				EDEA85B929A113E100115D21 /* LandmarkList.swift in Sources */,
				ED4FCE352A3613DB00440CCC /* FavoriteButton.swift in Sources */,
				EDEA85B529A10F1F00115D21 /* ModelData.swift in Sources */,
				EDEA856F29A03EBA00115D21 /* LandmarksApp.swift in Sources */,
				EDEA85B729A10FA300115D21 /* LandmarkRow.swift in Sources */,
				EDEA85B329A10E5600115D21 /* Landmark.swift in Sources */,
				EDEA85BF29A118E300115D21 /* MapView.swift in Sources */,
				EDEA85BB29A1165900115D21 /* LandmarkDetail.swift in Sources */,
			);
			runOnlyForDeploymentPostprocessing = 0;
		};
/* End PBXSourcesBuildPhase section */

/* Begin XCBuildConfiguration section */
		EDEA857729A03EBB00115D21 /* Debug */ = {
			isa = XCBuildConfiguration;
			buildSettings = {
				ALWAYS_SEARCH_USER_PATHS = NO;
				CLANG_ANALYZER_NONNULL = YES;
				CLANG_ANALYZER_NUMBER_OBJECT_CONVERSION = YES_AGGRESSIVE;
				CLANG_CXX_LANGUAGE_STANDARD = "gnu++20";
				CLANG_ENABLE_MODULES = YES;
				CLANG_ENABLE_OBJC_ARC = YES;
				CLANG_ENABLE_OBJC_WEAK = YES;
				CLANG_WARN_BLOCK_CAPTURE_AUTORELEASING = YES;
				CLANG_WARN_BOOL_CONVERSION = YES;
				CLANG_WARN_COMMA = YES;
				CLANG_WARN_CONSTANT_CONVERSION = YES;
				CLANG_WARN_DEPRECATED_OBJC_IMPLEMENTATIONS = YES;
				CLANG_WARN_DIRECT_OBJC_ISA_USAGE = YES_ERROR;
				CLANG_WARN_DOCUMENTATION_COMMENTS = YES;
				CLANG_WARN_EMPTY_BODY = YES;
				CLANG_WARN_ENUM_CONVERSION = YES;
				CLANG_WARN_INFINITE_RECURSION = YES;
				CLANG_WARN_INT_CONVERSION = YES;
				CLANG_WARN_NON_LITERAL_NULL_CONVERSION = YES;
				CLANG_WARN_OBJC_IMPLICIT_RETAIN_SELF = YES;
				CLANG_WARN_OBJC_LITERAL_CONVERSION = YES;
				CLANG_WARN_OBJC_ROOT_CLASS = YES_ERROR;
				CLANG_WARN_QUOTED_INCLUDE_IN_FRAMEWORK_HEADER = YES;
				CLANG_WARN_RANGE_LOOP_ANALYSIS = YES;
				CLANG_WARN_STRICT_PROTOTYPES = YES;
				CLANG_WARN_SUSPICIOUS_MOVE = YES;
				CLANG_WARN_UNGUARDED_AVAILABILITY = YES_AGGRESSIVE;
				CLANG_WARN_UNREACHABLE_CODE = YES;
				CLANG_WARN__DUPLICATE_METHOD_MATCH = YES;
				COPY_PHASE_STRIP = NO;
				DEBUG_INFORMATION_FORMAT = dwarf;
				ENABLE_STRICT_OBJC_MSGSEND = YES;
				ENABLE_TESTABILITY = YES;
				GCC_C_LANGUAGE_STANDARD = gnu11;
				GCC_DYNAMIC_NO_PIC = NO;
				GCC_NO_COMMON_BLOCKS = YES;
				GCC_OPTIMIZATION_LEVEL = 0;
				GCC_PREPROCESSOR_DEFINITIONS = (
					"DEBUG=1",
					"$(inherited)",
				);
				GCC_WARN_64_TO_32_BIT_CONVERSION = YES;
				GCC_WARN_ABOUT_RETURN_TYPE = YES_ERROR;
				GCC_WARN_UNDECLARED_SELECTOR = YES;
				GCC_WARN_UNINITIALIZED_AUTOS = YES_AGGRESSIVE;
				GCC_WARN_UNUSED_FUNCTION = YES;
				GCC_WARN_UNUSED_VARIABLE = YES;
				IPHONEOS_DEPLOYMENT_TARGET = 16.2;
				MTL_ENABLE_DEBUG_INFO = INCLUDE_SOURCE;
				MTL_FAST_MATH = YES;
				ONLY_ACTIVE_ARCH = YES;
				SDKROOT = iphoneos;
				SWIFT_ACTIVE_COMPILATION_CONDITIONS = DEBUG;
				SWIFT_OPTIMIZATION_LEVEL = "-Onone";
			};
			name = Debug;
		};
		EDEA857829A03EBB00115D21 /* Release */ = {
			isa = XCBuildConfiguration;
			buildSettings = {
				ALWAYS_SEARCH_USER_PATHS = NO;
				CLANG_ANALYZER_NONNULL = YES;
				CLANG_ANALYZER_NUMBER_OBJECT_CONVERSION = YES_AGGRESSIVE;
				CLANG_CXX_LANGUAGE_STANDARD = "gnu++20";
				CLANG_ENABLE_MODULES = YES;
				CLANG_ENABLE_OBJC_ARC = YES;
				CLANG_ENABLE_OBJC_WEAK = YES;
				CLANG_WARN_BLOCK_CAPTURE_AUTORELEASING = YES;
				CLANG_WARN_BOOL_CONVERSION = YES;
				CLANG_WARN_COMMA = YES;
				CLANG_WARN_CONSTANT_CONVERSION = YES;
				CLANG_WARN_DEPRECATED_OBJC_IMPLEMENTATIONS = YES;
				CLANG_WARN_DIRECT_OBJC_ISA_USAGE = YES_ERROR;
				CLANG_WARN_DOCUMENTATION_COMMENTS = YES;
				CLANG_WARN_EMPTY_BODY = YES;
				CLANG_WARN_ENUM_CONVERSION = YES;
				CLANG_WARN_INFINITE_RECURSION = YES;
				CLANG_WARN_INT_CONVERSION = YES;
				CLANG_WARN_NON_LITERAL_NULL_CONVERSION = YES;
				CLANG_WARN_OBJC_IMPLICIT_RETAIN_SELF = YES;
				CLANG_WARN_OBJC_LITERAL_CONVERSION = YES;
				CLANG_WARN_OBJC_ROOT_CLASS = YES_ERROR;
				CLANG_WARN_QUOTED_INCLUDE_IN_FRAMEWORK_HEADER = YES;
				CLANG_WARN_RANGE_LOOP_ANALYSIS = YES;
				CLANG_WARN_STRICT_PROTOTYPES = YES;
				CLANG_WARN_SUSPICIOUS_MOVE = YES;
				CLANG_WARN_UNGUARDED_AVAILABILITY = YES_AGGRESSIVE;
				CLANG_WARN_UNREACHABLE_CODE = YES;
				CLANG_WARN__DUPLICATE_METHOD_MATCH = YES;
				COPY_PHASE_STRIP = NO;
				DEBUG_INFORMATION_FORMAT = "dwarf-with-dsym";
				ENABLE_NS_ASSERTIONS = NO;
				ENABLE_STRICT_OBJC_MSGSEND = YES;
				GCC_C_LANGUAGE_STANDARD = gnu11;
				GCC_NO_COMMON_BLOCKS = YES;
				GCC_WARN_64_TO_32_BIT_CONVERSION = YES;
				GCC_WARN_ABOUT_RETURN_TYPE = YES_ERROR;
				GCC_WARN_UNDECLARED_SELECTOR = YES;
				GCC_WARN_UNINITIALIZED_AUTOS = YES_AGGRESSIVE;
				GCC_WARN_UNUSED_FUNCTION = YES;
				GCC_WARN_UNUSED_VARIABLE = YES;
				IPHONEOS_DEPLOYMENT_TARGET = 16.2;
				MTL_ENABLE_DEBUG_INFO = NO;
				MTL_FAST_MATH = YES;
				SDKROOT = iphoneos;
				SWIFT_COMPILATION_MODE = wholemodule;
				SWIFT_OPTIMIZATION_LEVEL = "-O";
				VALIDATE_PRODUCT = YES;
			};
			name = Release;
		};
		EDEA857A29A03EBB00115D21 /* Debug */ = {
			isa = XCBuildConfiguration;
			buildSettings = {
				ASSETCATALOG_COMPILER_APPICON_NAME = AppIcon;
				ASSETCATALOG_COMPILER_GLOBAL_ACCENT_COLOR_NAME = AccentColor;
				CODE_SIGN_STYLE = Automatic;
				CURRENT_PROJECT_VERSION = 1;
				DEVELOPMENT_ASSET_PATHS = "\"Landmarks/Preview Content\"";
				DEVELOPMENT_TEAM = 28YNB57Y34;
				ENABLE_PREVIEWS = YES;
				GENERATE_INFOPLIST_FILE = YES;
				INFOPLIST_KEY_UIApplicationSceneManifest_Generation = YES;
				INFOPLIST_KEY_UIApplicationSupportsIndirectInputEvents = YES;
				INFOPLIST_KEY_UILaunchScreen_Generation = YES;
				INFOPLIST_KEY_UISupportedInterfaceOrientations_iPad = "UIInterfaceOrientationPortrait UIInterfaceOrientationPortraitUpsideDown UIInterfaceOrientationLandscapeLeft UIInterfaceOrientationLandscapeRight";
				INFOPLIST_KEY_UISupportedInterfaceOrientations_iPhone = "UIInterfaceOrientationPortrait UIInterfaceOrientationLandscapeLeft UIInterfaceOrientationLandscapeRight";
				LD_RUNPATH_SEARCH_PATHS = (
					"$(inherited)",
					"@executable_path/Frameworks",
				);
				MARKETING_VERSION = 1.0;
				PRODUCT_BUNDLE_IDENTIFIER = io.waranga.Landmarks;
				PRODUCT_NAME = "$(TARGET_NAME)";
				SWIFT_EMIT_LOC_STRINGS = YES;
				SWIFT_VERSION = 5.0;
				TARGETED_DEVICE_FAMILY = "1,2";
			};
			name = Debug;
		};
		EDEA857B29A03EBB00115D21 /* Release */ = {
			isa = XCBuildConfiguration;
			buildSettings = {
				ASSETCATALOG_COMPILER_APPICON_NAME = AppIcon;
				ASSETCATALOG_COMPILER_GLOBAL_ACCENT_COLOR_NAME = AccentColor;
				CODE_SIGN_STYLE = Automatic;
				CURRENT_PROJECT_VERSION = 1;
				DEVELOPMENT_ASSET_PATHS = "\"Landmarks/Preview Content\"";
				DEVELOPMENT_TEAM = 28YNB57Y34;
				ENABLE_PREVIEWS = YES;
				GENERATE_INFOPLIST_FILE = YES;
				INFOPLIST_KEY_UIApplicationSceneManifest_Generation = YES;
				INFOPLIST_KEY_UIApplicationSupportsIndirectInputEvents = YES;
				INFOPLIST_KEY_UILaunchScreen_Generation = YES;
				INFOPLIST_KEY_UISupportedInterfaceOrientations_iPad = "UIInterfaceOrientationPortrait UIInterfaceOrientationPortraitUpsideDown UIInterfaceOrientationLandscapeLeft UIInterfaceOrientationLandscapeRight";
				INFOPLIST_KEY_UISupportedInterfaceOrientations_iPhone = "UIInterfaceOrientationPortrait UIInterfaceOrientationLandscapeLeft UIInterfaceOrientationLandscapeRight";
				LD_RUNPATH_SEARCH_PATHS = (
					"$(inherited)",
					"@executable_path/Frameworks",
				);
				MARKETING_VERSION = 1.0;
				PRODUCT_BUNDLE_IDENTIFIER = io.waranga.Landmarks;
				PRODUCT_NAME = "$(TARGET_NAME)";
				SWIFT_EMIT_LOC_STRINGS = YES;
				SWIFT_VERSION = 5.0;
				TARGETED_DEVICE_FAMILY = "1,2";
			};
			name = Release;
		};
/* End XCBuildConfiguration section */

/* Begin XCConfigurationList section */
		EDEA856629A03EB900115D21 /* Build configuration list for PBXProject "Landmarks" */ = {
			isa = XCConfigurationList;
			buildConfigurations = (
				EDEA857729A03EBB00115D21 /* Debug */,
				EDEA857829A03EBB00115D21 /* Release */,
			);
			defaultConfigurationIsVisible = 0;
			defaultConfigurationName = Release;
		};
		EDEA857929A03EBB00115D21 /* Build configuration list for PBXNativeTarget "Landmarks" */ = {
			isa = XCConfigurationList;
			buildConfigurations = (
				EDEA857A29A03EBB00115D21 /* Debug */,
				EDEA857B29A03EBB00115D21 /* Release */,
			);
			defaultConfigurationIsVisible = 0;
			defaultConfigurationName = Release;
		};
/* End XCConfigurationList section */
	};
	rootObject = EDEA856329A03EB900115D21 /* Project object */;
}
